
Microsoft Visual Studio Solution File, Format Version 12.00
# Visual Studio 15
VisualStudioVersion = 15.0.26730.12
MinimumVisualStudioVersion = 10.0.40219.1
Project("{9A19103F-16F7-4668-BE54-9A1E7A4F7556}") = "EaisApi", "EaisApi\EaisApi.csproj", "{33EAE73E-F443-46D6-8DF1-F0EC9DEE275E}"
EndProject
Project("{9A19103F-16F7-4668-BE54-9A1E7A4F7556}") = "Tests", "Tests\Tests.csproj", "{41B4C341-E8F3-41B0-9185-1B4CF6D522DA}"
EndProject
Project("{FAE04EC0-301F-11D3-BF4B-00C04F79EFBC}") = "WebUI", "WebUI\WebUI.csproj", "{F7E3B120-3392-40E3-AC37-C6F0563C5394}"
EndProject
Global
	GlobalSection(SolutionConfigurationPlatforms) = preSolution
		Debug|Any CPU = Debug|Any CPU
		Release|Any CPU = Release|Any CPU
	EndGlobalSection
	GlobalSection(ProjectConfigurationPlatforms) = postSolution
		{33EAE73E-F443-46D6-8DF1-F0EC9DEE275E}.Debug|Any CPU.ActiveCfg = Debug|Any CPU
		{33EAE73E-F443-46D6-8DF1-F0EC9DEE275E}.Debug|Any CPU.Build.0 = Debug|Any CPU
		{33EAE73E-F443-46D6-8DF1-F0EC9DEE275E}.Release|Any CPU.ActiveCfg = Release|Any CPU
		{33EAE73E-F443-46D6-8DF1-F0EC9DEE275E}.Release|Any CPU.Build.0 = Release|Any CPU
		{41B4C341-E8F3-41B0-9185-1B4CF6D522DA}.Debug|Any CPU.ActiveCfg = Debug|Any CPU
		{41B4C341-E8F3-41B0-9185-1B4CF6D522DA}.Debug|Any CPU.Build.0 = Debug|Any CPU
		{41B4C341-E8F3-41B0-9185-1B4CF6D522DA}.Release|Any CPU.ActiveCfg = Release|Any CPU
		{41B4C341-E8F3-41B0-9185-1B4CF6D522DA}.Release|Any CPU.Build.0 = Release|Any CPU
		{F7E3B120-3392-40E3-AC37-C6F0563C5394}.Debug|Any CPU.ActiveCfg = Debug|Any CPU
		{F7E3B120-3392-40E3-AC37-C6F0563C5394}.Debug|Any CPU.Build.0 = Debug|Any CPU
		{F7E3B120-3392-40E3-AC37-C6F0563C5394}.Release|Any CPU.ActiveCfg = Release|Any CPU
		{F7E3B120-3392-40E3-AC37-C6F0563C5394}.Release|Any CPU.Build.0 = Release|Any CPU
	EndGlobalSection
	GlobalSection(SolutionProperties) = preSolution
		HideSolutionNode = FALSE
	EndGlobalSection
	GlobalSection(ExtensibilityGlobals) = postSolution
		SolutionGuid = {8EA0EF07-BCF6-4D8E-A821-3AB52D47AA63}
	EndGlobalSection
EndGlobal
